
Microsoft Visual Studio Solution File, Format Version 12.00
# Visual Studio Version 16
VisualStudioVersion = 16.0.29728.190
MinimumVisualStudioVersion = 10.0.40219.1
Project("{FAE04EC0-301F-11D3-BF4B-00C04F79EFBC}") = "MemeBook", "MemeBook\MemeBook.csproj", "{922E2CFA-AAC7-4B9A-9F38-51163A61FA5A}"
EndProject
Global
	GlobalSection(SolutionConfigurationPlatforms) = preSolution
		Debug|Any CPU = Debug|Any CPU
		Release|Any CPU = Release|Any CPU
	EndGlobalSection
	GlobalSection(ProjectConfigurationPlatforms) = postSolution
		{922E2CFA-AAC7-4B9A-9F38-51163A61FA5A}.Debug|Any CPU.ActiveCfg = Debug|Any CPU
		{922E2CFA-AAC7-4B9A-9F38-51163A61FA5A}.Debug|Any CPU.Build.0 = Debug|Any CPU
		{922E2CFA-AAC7-4B9A-9F38-51163A61FA5A}.Release|Any CPU.ActiveCfg = Release|Any CPU
		{922E2CFA-AAC7-4B9A-9F38-51163A61FA5A}.Release|Any CPU.Build.0 = Release|Any CPU
	EndGlobalSection
	GlobalSection(SolutionProperties) = preSolution
		HideSolutionNode = FALSE
	EndGlobalSection
	GlobalSection(ExtensibilityGlobals) = postSolution
		SolutionGuid = {23BB70E5-488A-4ADE-A122-529CE4AEB6F9}
	EndGlobalSection
EndGlobal
